
Microsoft Visual Studio Solution File, Format Version 12.00
# Visual Studio Version 17
VisualStudioVersion = 17.9.34728.123
MinimumVisualStudioVersion = 10.0.40219.1
Project("{FAE04EC0-301F-11D3-BF4B-00C04F79EFBC}") = "Ejercicio4", "Ejercicio4\Ejercicio4.csproj", "{F56B1819-8F12-4B69-B0A0-8C137D73661B}"
EndProject
Global
	GlobalSection(SolutionConfigurationPlatforms) = preSolution
		Debug|Any CPU = Debug|Any CPU
		Release|Any CPU = Release|Any CPU
	EndGlobalSection
	GlobalSection(ProjectConfigurationPlatforms) = postSolution
		{F56B1819-8F12-4B69-B0A0-8C137D73661B}.Debug|Any CPU.ActiveCfg = Debug|Any CPU
		{F56B1819-8F12-4B69-B0A0-8C137D73661B}.Debug|Any CPU.Build.0 = Debug|Any CPU
		{F56B1819-8F12-4B69-B0A0-8C137D73661B}.Release|Any CPU.ActiveCfg = Release|Any CPU
		{F56B1819-8F12-4B69-B0A0-8C137D73661B}.Release|Any CPU.Build.0 = Release|Any CPU
	EndGlobalSection
	GlobalSection(SolutionProperties) = preSolution
		HideSolutionNode = FALSE
	EndGlobalSection
	GlobalSection(ExtensibilityGlobals) = postSolution
		SolutionGuid = {83EA896A-3A46-4ECD-9A36-BC6D541830D6}
	EndGlobalSection
EndGlobal
