
Microsoft Visual Studio Solution File, Format Version 12.00
# Visual Studio Version 17
VisualStudioVersion = 17.9.34723.18
MinimumVisualStudioVersion = 10.0.40219.1
Project("{FAE04EC0-301F-11D3-BF4B-00C04F79EFBC}") = "Ejercicio2", "Ejercicio2\Ejercicio2.csproj", "{ADF0ACAF-74E7-430D-B91F-05EED6F8E98C}"
EndProject
Global
	GlobalSection(SolutionConfigurationPlatforms) = preSolution
		Debug|Any CPU = Debug|Any CPU
		Release|Any CPU = Release|Any CPU
	EndGlobalSection
	GlobalSection(ProjectConfigurationPlatforms) = postSolution
		{ADF0ACAF-74E7-430D-B91F-05EED6F8E98C}.Debug|Any CPU.ActiveCfg = Debug|Any CPU
		{ADF0ACAF-74E7-430D-B91F-05EED6F8E98C}.Debug|Any CPU.Build.0 = Debug|Any CPU
		{ADF0ACAF-74E7-430D-B91F-05EED6F8E98C}.Release|Any CPU.ActiveCfg = Release|Any CPU
		{ADF0ACAF-74E7-430D-B91F-05EED6F8E98C}.Release|Any CPU.Build.0 = Release|Any CPU
	EndGlobalSection
	GlobalSection(SolutionProperties) = preSolution
		HideSolutionNode = FALSE
	EndGlobalSection
	GlobalSection(ExtensibilityGlobals) = postSolution
		SolutionGuid = {F31B6FAD-9350-4136-8074-9D345C3F8B42}
	EndGlobalSection
EndGlobal
